
Microsoft Visual Studio Solution File, Format Version 12.00
# Visual Studio Version 16
VisualStudioVersion = 16.0.30711.63
MinimumVisualStudioVersion = 10.0.40219.1
Project("{FAE04EC0-301F-11D3-BF4B-00C04F79EFBC}") = "Intro", "Intro\Intro.csproj", "{5424DD70-6293-4D30-B968-4314B2BC09C1}"
EndProject
Global
	GlobalSection(SolutionConfigurationPlatforms) = preSolution
		Debug|Any CPU = Debug|Any CPU
		Release|Any CPU = Release|Any CPU
	EndGlobalSection
	GlobalSection(ProjectConfigurationPlatforms) = postSolution
		{5424DD70-6293-4D30-B968-4314B2BC09C1}.Debug|Any CPU.ActiveCfg = Debug|Any CPU
		{5424DD70-6293-4D30-B968-4314B2BC09C1}.Debug|Any CPU.Build.0 = Debug|Any CPU
		{5424DD70-6293-4D30-B968-4314B2BC09C1}.Release|Any CPU.ActiveCfg = Release|Any CPU
		{5424DD70-6293-4D30-B968-4314B2BC09C1}.Release|Any CPU.Build.0 = Release|Any CPU
	EndGlobalSection
	GlobalSection(SolutionProperties) = preSolution
		HideSolutionNode = FALSE
	EndGlobalSection
	GlobalSection(ExtensibilityGlobals) = postSolution
		SolutionGuid = {2BE623F1-D82B-4E55-BBC3-55AF6BF2C84E}
	EndGlobalSection
EndGlobal
